
Microsoft Visual Studio Solution File, Format Version 12.00
# Visual Studio Version 17
VisualStudioVersion = 17.5.33424.131
MinimumVisualStudioVersion = 10.0.40219.1
Project("{FAE04EC0-301F-11D3-BF4B-00C04F79EFBC}") = "MyFirstWebAPI", "MyFirstWebAPI\MyFirstWebAPI.csproj", "{1FBB2422-D1EB-432E-A528-5DF4805B5709}"
EndProject
Global
	GlobalSection(SolutionConfigurationPlatforms) = preSolution
		Debug|Any CPU = Debug|Any CPU
		Release|Any CPU = Release|Any CPU
	EndGlobalSection
	GlobalSection(ProjectConfigurationPlatforms) = postSolution
		{1FBB2422-D1EB-432E-A528-5DF4805B5709}.Debug|Any CPU.ActiveCfg = Debug|Any CPU
		{1FBB2422-D1EB-432E-A528-5DF4805B5709}.Debug|Any CPU.Build.0 = Debug|Any CPU
		{1FBB2422-D1EB-432E-A528-5DF4805B5709}.Release|Any CPU.ActiveCfg = Release|Any CPU
		{1FBB2422-D1EB-432E-A528-5DF4805B5709}.Release|Any CPU.Build.0 = Release|Any CPU
	EndGlobalSection
	GlobalSection(SolutionProperties) = preSolution
		HideSolutionNode = FALSE
	EndGlobalSection
	GlobalSection(ExtensibilityGlobals) = postSolution
		SolutionGuid = {0B12E6C9-5C59-4D75-ADBC-899C897F4F06}
	EndGlobalSection
EndGlobal
